<?xml version="1.0" encoding="utf-8"?>
<Project ToolsVersion="4.0" xmlns="http://schemas.microsoft.com/developer/msbuild/2003">
  <ItemGroup>
    <Filter Include="Assets">
      <UniqueIdentifier>68336152-6798-4d07-bf2e-7ad999d058b5</UniqueIdentifier>
      <Extensions>bmp;dds;fbx;gif;jpg;jpeg;tga;tiff;tif;png</Extensions>
    </Filter>
    <Filter Include="Content">
      <UniqueIdentifier>{e4f0954c-076b-474b-bd91-7ca17f9f9f9b}</UniqueIdentifier>
    </Filter>
    <Filter Include="Content\Textures">
      <UniqueIdentifier>{042c2f10-45de-4058-9e0e-466f110642e7}</UniqueIdentifier>
    </Filter>
    <Filter Include="Content\Shaders">
      <UniqueIdentifier>{52503dd3-475b-46c3-8918-ae4ae81926d6}</UniqueIdentifier>
    </Filter>
    <Filter Include="Content\Fonts">
      <UniqueIdentifier>{eed66802-85a3-4354-a91f-91a66ddbd0aa}</UniqueIdentifier>
    </Filter>
  </ItemGroup>
  <ItemGroup>
    <ClCompile Include="pch.cpp" />
    <ClCompile Include="Main.cpp" />
    <ClCompile Include="Game.cpp" />
  </ItemGroup>
  <ItemGroup>
    <ClInclude Include="pch.h" />
    <ClInclude Include="Game.h" />
  </ItemGroup>
  <ItemGroup>
    <Image Include="Assets\Logo.scale-200.png">
      <Filter>Assets</Filter>
    </Image>
    <Image Include="Assets\SmallLogo.scale-200.png">
      <Filter>Assets</Filter>
    </Image>
    <Image Include="Assets\SplashScreen.scale-200.png">
      <Filter>Assets</Filter>
    </Image>
    <Image Include="Assets\StoreLogo.png">
      <Filter>Assets</Filter>
    </Image>
    <Image Include="Assets\WideLogo.scale-200.png">
      <Filter>Assets</Filter>
    </Image>
    <Image Include="Content\Textures\StartScreen.png">
      <Filter>Content\Textures</Filter>
    </Image>
  </ItemGroup>
  <ItemGroup>
    <AppxManifest Include="Package.appxmanifest" />
  </ItemGroup>
  <ItemGroup>
    <None Include="Game.Universal_TemporaryKey.pfx" />
    <None Include="packages.config" />
  </ItemGroup>
  <ItemGroup>
    <FxCompile Include="Content\Shaders\SpriteRendererVS.hlsl">
      <Filter>Content\Shaders</Filter>
    </FxCompile>
    <FxCompile Include="Content\Shaders\ShapeRendererPS.hlsl">
      <Filter>Content\Shaders</Filter>
    </FxCompile>
    <FxCompile Include="Content\Shaders\ShapeRendererVS.hlsl">
      <Filter>Content\Shaders</Filter>
    </FxCompile>
    <FxCompile Include="Content\Shaders\SpriteRendererPS.hlsl">
      <Filter>Content\Shaders</Filter>
    </FxCompile>
  </ItemGroup>
  <ItemGroup>
    <CopyFileToFolders Include="Content\Fonts\Arial_14_Regular.spritefont" />
    <CopyFileToFolders Include="Content\Textures\snoods_default.png">
      <Filter>Assets</Filter>
    </CopyFileToFolders>
  </ItemGroup>
</Project>